
Microsoft Visual Studio Solution File, Format Version 12.00
# Visual Studio Version 17
VisualStudioVersion = 17.4.33103.184
MinimumVisualStudioVersion = 10.0.40219.1
Project("{FAE04EC0-301F-11D3-BF4B-00C04F79EFBC}") = "TAJ", "TAJ\TAJ.csproj", "{60902620-87D6-4C6D-952C-2A82E2564E8E}"
EndProject
Global
	GlobalSection(SolutionConfigurationPlatforms) = preSolution
		Debug|Any CPU = Debug|Any CPU
		Release|Any CPU = Release|Any CPU
	EndGlobalSection
	GlobalSection(ProjectConfigurationPlatforms) = postSolution
		{60902620-87D6-4C6D-952C-2A82E2564E8E}.Debug|Any CPU.ActiveCfg = Debug|Any CPU
		{60902620-87D6-4C6D-952C-2A82E2564E8E}.Debug|Any CPU.Build.0 = Debug|Any CPU
		{60902620-87D6-4C6D-952C-2A82E2564E8E}.Release|Any CPU.ActiveCfg = Release|Any CPU
		{60902620-87D6-4C6D-952C-2A82E2564E8E}.Release|Any CPU.Build.0 = Release|Any CPU
	EndGlobalSection
	GlobalSection(SolutionProperties) = preSolution
		HideSolutionNode = FALSE
	EndGlobalSection
	GlobalSection(ExtensibilityGlobals) = postSolution
		SolutionGuid = {ECA5AEB5-DE74-44F7-B6C2-F5DACF25E81C}
	EndGlobalSection
EndGlobal
